
Microsoft Visual Studio Solution File, Format Version 12.00
# Visual Studio Version 16
VisualStudioVersion = 16.0.30523.141
MinimumVisualStudioVersion = 10.0.40219.1
Project("{FAE04EC0-301F-11D3-BF4B-00C04F79EFBC}") = "Bartek", "Bartek\Bartek.csproj", "{7C2B0515-CAC5-461F-9F8D-FADD9F971322}"
EndProject
Global
	GlobalSection(SolutionConfigurationPlatforms) = preSolution
		Debug|Any CPU = Debug|Any CPU
		Release|Any CPU = Release|Any CPU
	EndGlobalSection
	GlobalSection(ProjectConfigurationPlatforms) = postSolution
		{7C2B0515-CAC5-461F-9F8D-FADD9F971322}.Debug|Any CPU.ActiveCfg = Debug|Any CPU
		{7C2B0515-CAC5-461F-9F8D-FADD9F971322}.Debug|Any CPU.Build.0 = Debug|Any CPU
		{7C2B0515-CAC5-461F-9F8D-FADD9F971322}.Release|Any CPU.ActiveCfg = Release|Any CPU
		{7C2B0515-CAC5-461F-9F8D-FADD9F971322}.Release|Any CPU.Build.0 = Release|Any CPU
	EndGlobalSection
	GlobalSection(SolutionProperties) = preSolution
		HideSolutionNode = FALSE
	EndGlobalSection
	GlobalSection(ExtensibilityGlobals) = postSolution
		SolutionGuid = {C63194A2-DC85-4085-BA83-B214D5CE75CE}
	EndGlobalSection
EndGlobal
